// !$*UTF8*$!
{
	archiveVersion = 1;
	classes = {
	};
	objectVersion = 55;
	objects = {

/* Begin PBXBuildFile section */
		010975512836CB620080CBBB /* AppDelegate.swift in Sources */ = {isa = PBXBuildFile; fileRef = 010975502836CB620080CBBB /* AppDelegate.swift */; };
		010975532836CB620080CBBB /* SceneDelegate.swift in Sources */ = {isa = PBXBuildFile; fileRef = 010975522836CB620080CBBB /* SceneDelegate.swift */; };
		010975552836CB620080CBBB /* ContinentsViewController.swift in Sources */ = {isa = PBXBuildFile; fileRef = 010975542836CB620080CBBB /* ContinentsViewController.swift */; };
		0109755A2836CB640080CBBB /* Assets.xcassets in Resources */ = {isa = PBXBuildFile; fileRef = 010975592836CB640080CBBB /* Assets.xcassets */; };
		0109755D2836CB640080CBBB /* LaunchScreen.storyboard in Resources */ = {isa = PBXBuildFile; fileRef = 0109755B2836CB640080CBBB /* LaunchScreen.storyboard */; };
		010975652836CD1E0080CBBB /* Constants.swift in Sources */ = {isa = PBXBuildFile; fileRef = 010975642836CD1E0080CBBB /* Constants.swift */; };
		010975672836CF9C0080CBBB /* TabBarViewController.swift in Sources */ = {isa = PBXBuildFile; fileRef = 010975662836CF9B0080CBBB /* TabBarViewController.swift */; };
		0109756B2836D1CC0080CBBB /* SearchCountryViewController.swift in Sources */ = {isa = PBXBuildFile; fileRef = 0109756A2836D1CC0080CBBB /* SearchCountryViewController.swift */; };
		010975712836D4160080CBBB /* Countries.swift in Sources */ = {isa = PBXBuildFile; fileRef = 010975702836D4160080CBBB /* Countries.swift */; };
		010975732836D9BE0080CBBB /* CountriesViewController.swift in Sources */ = {isa = PBXBuildFile; fileRef = 010975722836D9BE0080CBBB /* CountriesViewController.swift */; };
		010975752836DE950080CBBB /* DetailViewController.swift in Sources */ = {isa = PBXBuildFile; fileRef = 010975742836DE950080CBBB /* DetailViewController.swift */; };
		010975812836FC5A0080CBBB /* UIImage+Ext.swift in Sources */ = {isa = PBXBuildFile; fileRef = 010975802836FC5A0080CBBB /* UIImage+Ext.swift */; };
		011B1EEF283BECD1009F570F /* DetailViewModel.swift in Sources */ = {isa = PBXBuildFile; fileRef = 011B1EEE283BECD1009F570F /* DetailViewModel.swift */; };
		011B1EF1283BECE8009F570F /* CountriesViewModel.swift in Sources */ = {isa = PBXBuildFile; fileRef = 011B1EF0283BECE8009F570F /* CountriesViewModel.swift */; };
		011B1EF3283BED1D009F570F /* ContinentsViewModel.swift in Sources */ = {isa = PBXBuildFile; fileRef = 011B1EF2283BED1D009F570F /* ContinentsViewModel.swift */; };
		011B1EF5283BEF17009F570F /* SearchCountryViewModel.swift in Sources */ = {isa = PBXBuildFile; fileRef = 011B1EF4283BEF17009F570F /* SearchCountryViewModel.swift */; };
		011B1EF9283D04D1009F570F /* SwiftyJSON in Frameworks */ = {isa = PBXBuildFile; productRef = 011B1EF8283D04D1009F570F /* SwiftyJSON */; };
		011B1EFC283D04E0009F570F /* Alamofire in Frameworks */ = {isa = PBXBuildFile; productRef = 011B1EFB283D04E0009F570F /* Alamofire */; };
		011B1EFF283D04F2009F570F /* SDWebImage in Frameworks */ = {isa = PBXBuildFile; productRef = 011B1EFE283D04F2009F570F /* SDWebImage */; };
		011B1F01283D04F2009F570F /* SDWebImageMapKit in Frameworks */ = {isa = PBXBuildFile; productRef = 011B1F00283D04F2009F570F /* SDWebImageMapKit */; };
		011B1F03283EEC41009F570F /* MKMapView+Ext.swift in Sources */ = {isa = PBXBuildFile; fileRef = 011B1F02283EEC41009F570F /* MKMapView+Ext.swift */; };
		011B1F05283EF6DD009F570F /* UITableViewController+Ext.swift in Sources */ = {isa = PBXBuildFile; fileRef = 011B1F04283EF6DD009F570F /* UITableViewController+Ext.swift */; };
/* End PBXBuildFile section */

/* Begin PBXFileReference section */
		0109754D2836CB620080CBBB /* Quick-Country-Info.app */ = {isa = PBXFileReference; explicitFileType = wrapper.application; includeInIndex = 0; path = "Quick-Country-Info.app"; sourceTree = BUILT_PRODUCTS_DIR; };
		010975502836CB620080CBBB /* AppDelegate.swift */ = {isa = PBXFileReference; lastKnownFileType = sourcecode.swift; path = AppDelegate.swift; sourceTree = "<group>"; };
		010975522836CB620080CBBB /* SceneDelegate.swift */ = {isa = PBXFileReference; lastKnownFileType = sourcecode.swift; path = SceneDelegate.swift; sourceTree = "<group>"; };
		010975542836CB620080CBBB /* ContinentsViewController.swift */ = {isa = PBXFileReference; lastKnownFileType = sourcecode.swift; path = ContinentsViewController.swift; sourceTree = "<group>"; };
		010975592836CB640080CBBB /* Assets.xcassets */ = {isa = PBXFileReference; lastKnownFileType = folder.assetcatalog; path = Assets.xcassets; sourceTree = "<group>"; };
		0109755C2836CB640080CBBB /* Base */ = {isa = PBXFileReference; lastKnownFileType = file.storyboard; name = Base; path = Base.lproj/LaunchScreen.storyboard; sourceTree = "<group>"; };
		0109755E2836CB640080CBBB /* Info.plist */ = {isa = PBXFileReference; lastKnownFileType = text.plist.xml; path = Info.plist; sourceTree = "<group>"; };
		010975642836CD1E0080CBBB /* Constants.swift */ = {isa = PBXFileReference; lastKnownFileType = sourcecode.swift; path = Constants.swift; sourceTree = "<group>"; };
		010975662836CF9B0080CBBB /* TabBarViewController.swift */ = {isa = PBXFileReference; lastKnownFileType = sourcecode.swift; path = TabBarViewController.swift; sourceTree = "<group>"; };
		0109756A2836D1CC0080CBBB /* SearchCountryViewController.swift */ = {isa = PBXFileReference; lastKnownFileType = sourcecode.swift; path = SearchCountryViewController.swift; sourceTree = "<group>"; };
		010975702836D4160080CBBB /* Countries.swift */ = {isa = PBXFileReference; lastKnownFileType = sourcecode.swift; path = Countries.swift; sourceTree = "<group>"; };
		010975722836D9BE0080CBBB /* CountriesViewController.swift */ = {isa = PBXFileReference; lastKnownFileType = sourcecode.swift; path = CountriesViewController.swift; sourceTree = "<group>"; };
		010975742836DE950080CBBB /* DetailViewController.swift */ = {isa = PBXFileReference; lastKnownFileType = sourcecode.swift; path = DetailViewController.swift; sourceTree = "<group>"; };
		010975802836FC5A0080CBBB /* UIImage+Ext.swift */ = {isa = PBXFileReference; lastKnownFileType = sourcecode.swift; path = "UIImage+Ext.swift"; sourceTree = "<group>"; };
		011B1EEE283BECD1009F570F /* DetailViewModel.swift */ = {isa = PBXFileReference; lastKnownFileType = sourcecode.swift; path = DetailViewModel.swift; sourceTree = "<group>"; };
		011B1EF0283BECE8009F570F /* CountriesViewModel.swift */ = {isa = PBXFileReference; lastKnownFileType = sourcecode.swift; path = CountriesViewModel.swift; sourceTree = "<group>"; };
		011B1EF2283BED1D009F570F /* ContinentsViewModel.swift */ = {isa = PBXFileReference; lastKnownFileType = sourcecode.swift; path = ContinentsViewModel.swift; sourceTree = "<group>"; };
		011B1EF4283BEF17009F570F /* SearchCountryViewModel.swift */ = {isa = PBXFileReference; lastKnownFileType = sourcecode.swift; path = SearchCountryViewModel.swift; sourceTree = "<group>"; };
		011B1F02283EEC41009F570F /* MKMapView+Ext.swift */ = {isa = PBXFileReference; lastKnownFileType = sourcecode.swift; path = "MKMapView+Ext.swift"; sourceTree = "<group>"; };
		011B1F04283EF6DD009F570F /* UITableViewController+Ext.swift */ = {isa = PBXFileReference; lastKnownFileType = sourcecode.swift; path = "UITableViewController+Ext.swift"; sourceTree = "<group>"; };
/* End PBXFileReference section */

/* Begin PBXFrameworksBuildPhase section */
		0109754A2836CB620080CBBB /* Frameworks */ = {
			isa = PBXFrameworksBuildPhase;
			buildActionMask = 2147483647;
			files = (
				011B1EFF283D04F2009F570F /* SDWebImage in Frameworks */,
				011B1EF9283D04D1009F570F /* SwiftyJSON in Frameworks */,
				011B1F01283D04F2009F570F /* SDWebImageMapKit in Frameworks */,
				011B1EFC283D04E0009F570F /* Alamofire in Frameworks */,
			);
			runOnlyForDeploymentPostprocessing = 0;
		};
/* End PBXFrameworksBuildPhase section */

/* Begin PBXGroup section */
		010975442836CB620080CBBB = {
			isa = PBXGroup;
			children = (
				0109754F2836CB620080CBBB /* Quick-Country-Info */,
				0109754E2836CB620080CBBB /* Products */,
			);
			sourceTree = "<group>";
		};
		0109754E2836CB620080CBBB /* Products */ = {
			isa = PBXGroup;
			children = (
				0109754D2836CB620080CBBB /* Quick-Country-Info.app */,
			);
			name = Products;
			sourceTree = "<group>";
		};
		0109754F2836CB620080CBBB /* Quick-Country-Info */ = {
			isa = PBXGroup;
			children = (
				0109757F2836FC300080CBBB /* Extensions */,
				010975692836D1AA0080CBBB /* Utilities */,
				0109756F2836D3A80080CBBB /* Models */,
				010975682836D1810080CBBB /* Views */,
				011B1EED283BECA0009F570F /* ViewModels */,
				010975502836CB620080CBBB /* AppDelegate.swift */,
				010975522836CB620080CBBB /* SceneDelegate.swift */,
				010975592836CB640080CBBB /* Assets.xcassets */,
				0109755B2836CB640080CBBB /* LaunchScreen.storyboard */,
				0109755E2836CB640080CBBB /* Info.plist */,
			);
			path = "Quick-Country-Info";
			sourceTree = "<group>";
		};
		010975682836D1810080CBBB /* Views */ = {
			isa = PBXGroup;
			children = (
				010975662836CF9B0080CBBB /* TabBarViewController.swift */,
				011B1EF6283BEF28009F570F /* Core */,
			);
			path = Views;
			sourceTree = "<group>";
		};
		010975692836D1AA0080CBBB /* Utilities */ = {
			isa = PBXGroup;
			children = (
				010975642836CD1E0080CBBB /* Constants.swift */,
			);
			path = Utilities;
			sourceTree = "<group>";
		};
		0109756F2836D3A80080CBBB /* Models */ = {
			isa = PBXGroup;
			children = (
				010975702836D4160080CBBB /* Countries.swift */,
			);
			path = Models;
			sourceTree = "<group>";
		};
		0109757F2836FC300080CBBB /* Extensions */ = {
			isa = PBXGroup;
			children = (
				010975802836FC5A0080CBBB /* UIImage+Ext.swift */,
				011B1F02283EEC41009F570F /* MKMapView+Ext.swift */,
				011B1F04283EF6DD009F570F /* UITableViewController+Ext.swift */,
			);
			path = Extensions;
			sourceTree = "<group>";
		};
		011B1EED283BECA0009F570F /* ViewModels */ = {
			isa = PBXGroup;
			children = (
				011B1EEE283BECD1009F570F /* DetailViewModel.swift */,
				011B1EF0283BECE8009F570F /* CountriesViewModel.swift */,
				011B1EF2283BED1D009F570F /* ContinentsViewModel.swift */,
				011B1EF4283BEF17009F570F /* SearchCountryViewModel.swift */,
			);
			path = ViewModels;
			sourceTree = "<group>";
		};
		011B1EF6283BEF28009F570F /* Core */ = {
			isa = PBXGroup;
			children = (
				010975742836DE950080CBBB /* DetailViewController.swift */,
				010975722836D9BE0080CBBB /* CountriesViewController.swift */,
				010975542836CB620080CBBB /* ContinentsViewController.swift */,
				0109756A2836D1CC0080CBBB /* SearchCountryViewController.swift */,
			);
			path = Core;
			sourceTree = "<group>";
		};
/* End PBXGroup section */

/* Begin PBXNativeTarget section */
		0109754C2836CB620080CBBB /* Quick-Country-Info */ = {
			isa = PBXNativeTarget;
			buildConfigurationList = 010975612836CB640080CBBB /* Build configuration list for PBXNativeTarget "Quick-Country-Info" */;
			buildPhases = (
				010975492836CB620080CBBB /* Sources */,
				0109754A2836CB620080CBBB /* Frameworks */,
				0109754B2836CB620080CBBB /* Resources */,
			);
			buildRules = (
			);
			dependencies = (
			);
			name = "Quick-Country-Info";
			packageProductDependencies = (
				011B1EF8283D04D1009F570F /* SwiftyJSON */,
				011B1EFB283D04E0009F570F /* Alamofire */,
				011B1EFE283D04F2009F570F /* SDWebImage */,
				011B1F00283D04F2009F570F /* SDWebImageMapKit */,
			);
			productName = CountryApp;
			productReference = 0109754D2836CB620080CBBB /* Quick-Country-Info.app */;
			productType = "com.apple.product-type.application";
		};
/* End PBXNativeTarget section */

/* Begin PBXProject section */
		010975452836CB620080CBBB /* Project object */ = {
			isa = PBXProject;
			attributes = {
				BuildIndependentTargetsInParallel = 1;
				LastSwiftUpdateCheck = 1330;
				LastUpgradeCheck = 1330;
				TargetAttributes = {
					0109754C2836CB620080CBBB = {
						CreatedOnToolsVersion = 13.3.1;
					};
				};
			};
			buildConfigurationList = 010975482836CB620080CBBB /* Build configuration list for PBXProject "Quick-Country-Info" */;
			compatibilityVersion = "Xcode 13.0";
			developmentRegion = en;
			hasScannedForEncodings = 0;
			knownRegions = (
				en,
				Base,
			);
			mainGroup = 010975442836CB620080CBBB;
			packageReferences = (
				011B1EF7283D04D1009F570F /* XCRemoteSwiftPackageReference "SwiftyJSON" */,
				011B1EFA283D04E0009F570F /* XCRemoteSwiftPackageReference "Alamofire" */,
				011B1EFD283D04F2009F570F /* XCRemoteSwiftPackageReference "SDWebImage" */,
			);
			productRefGroup = 0109754E2836CB620080CBBB /* Products */;
			projectDirPath = "";
			projectRoot = "";
			targets = (
				0109754C2836CB620080CBBB /* Quick-Country-Info */,
			);
		};
/* End PBXProject section */

/* Begin PBXResourcesBuildPhase section */
		0109754B2836CB620080CBBB /* Resources */ = {
			isa = PBXResourcesBuildPhase;
			buildActionMask = 2147483647;
			files = (
				0109755D2836CB640080CBBB /* LaunchScreen.storyboard in Resources */,
				0109755A2836CB640080CBBB /* Assets.xcassets in Resources */,
			);
			runOnlyForDeploymentPostprocessing = 0;
		};
/* End PBXResourcesBuildPhase section */

/* Begin PBXSourcesBuildPhase section */
		010975492836CB620080CBBB /* Sources */ = {
			isa = PBXSourcesBuildPhase;
			buildActionMask = 2147483647;
			files = (
				010975712836D4160080CBBB /* Countries.swift in Sources */,
				0109756B2836D1CC0080CBBB /* SearchCountryViewController.swift in Sources */,
				010975752836DE950080CBBB /* DetailViewController.swift in Sources */,
				010975552836CB620080CBBB /* ContinentsViewController.swift in Sources */,
				010975512836CB620080CBBB /* AppDelegate.swift in Sources */,
				011B1EEF283BECD1009F570F /* DetailViewModel.swift in Sources */,
				010975732836D9BE0080CBBB /* CountriesViewController.swift in Sources */,
				010975532836CB620080CBBB /* SceneDelegate.swift in Sources */,
				010975672836CF9C0080CBBB /* TabBarViewController.swift in Sources */,
				010975652836CD1E0080CBBB /* Constants.swift in Sources */,
				011B1EF1283BECE8009F570F /* CountriesViewModel.swift in Sources */,
				011B1F05283EF6DD009F570F /* UITableViewController+Ext.swift in Sources */,
				010975812836FC5A0080CBBB /* UIImage+Ext.swift in Sources */,
				011B1F03283EEC41009F570F /* MKMapView+Ext.swift in Sources */,
				011B1EF5283BEF17009F570F /* SearchCountryViewModel.swift in Sources */,
				011B1EF3283BED1D009F570F /* ContinentsViewModel.swift in Sources */,
			);
			runOnlyForDeploymentPostprocessing = 0;
		};
/* End PBXSourcesBuildPhase section */

/* Begin PBXVariantGroup section */
		0109755B2836CB640080CBBB /* LaunchScreen.storyboard */ = {
			isa = PBXVariantGroup;
			children = (
				0109755C2836CB640080CBBB /* Base */,
			);
			name = LaunchScreen.storyboard;
			sourceTree = "<group>";
		};
/* End PBXVariantGroup section */

/* Begin XCBuildConfiguration section */
		0109755F2836CB640080CBBB /* Debug */ = {
			isa = XCBuildConfiguration;
			buildSettings = {
				ALWAYS_SEARCH_USER_PATHS = NO;
				CLANG_ANALYZER_NONNULL = YES;
				CLANG_ANALYZER_NUMBER_OBJECT_CONVERSION = YES_AGGRESSIVE;
				CLANG_CXX_LANGUAGE_STANDARD = "gnu++17";
				CLANG_ENABLE_MODULES = YES;
				CLANG_ENABLE_OBJC_ARC = YES;
				CLANG_ENABLE_OBJC_WEAK = YES;
				CLANG_WARN_BLOCK_CAPTURE_AUTORELEASING = YES;
				CLANG_WARN_BOOL_CONVERSION = YES;
				CLANG_WARN_COMMA = YES;
				CLANG_WARN_CONSTANT_CONVERSION = YES;
				CLANG_WARN_DEPRECATED_OBJC_IMPLEMENTATIONS = YES;
				CLANG_WARN_DIRECT_OBJC_ISA_USAGE = YES_ERROR;
				CLANG_WARN_DOCUMENTATION_COMMENTS = YES;
				CLANG_WARN_EMPTY_BODY = YES;
				CLANG_WARN_ENUM_CONVERSION = YES;
				CLANG_WARN_INFINITE_RECURSION = YES;
				CLANG_WARN_INT_CONVERSION = YES;
				CLANG_WARN_NON_LITERAL_NULL_CONVERSION = YES;
				CLANG_WARN_OBJC_IMPLICIT_RETAIN_SELF = YES;
				CLANG_WARN_OBJC_LITERAL_CONVERSION = YES;
				CLANG_WARN_OBJC_ROOT_CLASS = YES_ERROR;
				CLANG_WARN_QUOTED_INCLUDE_IN_FRAMEWORK_HEADER = YES;
				CLANG_WARN_RANGE_LOOP_ANALYSIS = YES;
				CLANG_WARN_STRICT_PROTOTYPES = YES;
				CLANG_WARN_SUSPICIOUS_MOVE = YES;
				CLANG_WARN_UNGUARDED_AVAILABILITY = YES_AGGRESSIVE;
				CLANG_WARN_UNREACHABLE_CODE = YES;
				CLANG_WARN__DUPLICATE_METHOD_MATCH = YES;
				COPY_PHASE_STRIP = NO;
				DEBUG_INFORMATION_FORMAT = dwarf;
				ENABLE_STRICT_OBJC_MSGSEND = YES;
				ENABLE_TESTABILITY = YES;
				GCC_C_LANGUAGE_STANDARD = gnu11;
				GCC_DYNAMIC_NO_PIC = NO;
				GCC_NO_COMMON_BLOCKS = YES;
				GCC_OPTIMIZATION_LEVEL = 0;
				GCC_PREPROCESSOR_DEFINITIONS = (
					"DEBUG=1",
					"$(inherited)",
				);
				GCC_WARN_64_TO_32_BIT_CONVERSION = YES;
				GCC_WARN_ABOUT_RETURN_TYPE = YES_ERROR;
				GCC_WARN_UNDECLARED_SELECTOR = YES;
				GCC_WARN_UNINITIALIZED_AUTOS = YES_AGGRESSIVE;
				GCC_WARN_UNUSED_FUNCTION = YES;
				GCC_WARN_UNUSED_VARIABLE = YES;
				IPHONEOS_DEPLOYMENT_TARGET = 15.4;
				MTL_ENABLE_DEBUG_INFO = INCLUDE_SOURCE;
				MTL_FAST_MATH = YES;
				ONLY_ACTIVE_ARCH = YES;
				SDKROOT = iphoneos;
				SWIFT_ACTIVE_COMPILATION_CONDITIONS = DEBUG;
				SWIFT_OPTIMIZATION_LEVEL = "-Onone";
			};
			name = Debug;
		};
		010975602836CB640080CBBB /* Release */ = {
			isa = XCBuildConfiguration;
			buildSettings = {
				ALWAYS_SEARCH_USER_PATHS = NO;
				CLANG_ANALYZER_NONNULL = YES;
				CLANG_ANALYZER_NUMBER_OBJECT_CONVERSION = YES_AGGRESSIVE;
				CLANG_CXX_LANGUAGE_STANDARD = "gnu++17";
				CLANG_ENABLE_MODULES = YES;
				CLANG_ENABLE_OBJC_ARC = YES;
				CLANG_ENABLE_OBJC_WEAK = YES;
				CLANG_WARN_BLOCK_CAPTURE_AUTORELEASING = YES;
				CLANG_WARN_BOOL_CONVERSION = YES;
				CLANG_WARN_COMMA = YES;
				CLANG_WARN_CONSTANT_CONVERSION = YES;
				CLANG_WARN_DEPRECATED_OBJC_IMPLEMENTATIONS = YES;
				CLANG_WARN_DIRECT_OBJC_ISA_USAGE = YES_ERROR;
				CLANG_WARN_DOCUMENTATION_COMMENTS = YES;
				CLANG_WARN_EMPTY_BODY = YES;
				CLANG_WARN_ENUM_CONVERSION = YES;
				CLANG_WARN_INFINITE_RECURSION = YES;
				CLANG_WARN_INT_CONVERSION = YES;
				CLANG_WARN_NON_LITERAL_NULL_CONVERSION = YES;
				CLANG_WARN_OBJC_IMPLICIT_RETAIN_SELF = YES;
				CLANG_WARN_OBJC_LITERAL_CONVERSION = YES;
				CLANG_WARN_OBJC_ROOT_CLASS = YES_ERROR;
				CLANG_WARN_QUOTED_INCLUDE_IN_FRAMEWORK_HEADER = YES;
				CLANG_WARN_RANGE_LOOP_ANALYSIS = YES;
				CLANG_WARN_STRICT_PROTOTYPES = YES;
				CLANG_WARN_SUSPICIOUS_MOVE = YES;
				CLANG_WARN_UNGUARDED_AVAILABILITY = YES_AGGRESSIVE;
				CLANG_WARN_UNREACHABLE_CODE = YES;
				CLANG_WARN__DUPLICATE_METHOD_MATCH = YES;
				COPY_PHASE_STRIP = NO;
				DEBUG_INFORMATION_FORMAT = "dwarf-with-dsym";
				ENABLE_NS_ASSERTIONS = NO;
				ENABLE_STRICT_OBJC_MSGSEND = YES;
				GCC_C_LANGUAGE_STANDARD = gnu11;
				GCC_NO_COMMON_BLOCKS = YES;
				GCC_WARN_64_TO_32_BIT_CONVERSION = YES;
				GCC_WARN_ABOUT_RETURN_TYPE = YES_ERROR;
				GCC_WARN_UNDECLARED_SELECTOR = YES;
				GCC_WARN_UNINITIALIZED_AUTOS = YES_AGGRESSIVE;
				GCC_WARN_UNUSED_FUNCTION = YES;
				GCC_WARN_UNUSED_VARIABLE = YES;
				IPHONEOS_DEPLOYMENT_TARGET = 15.4;
				MTL_ENABLE_DEBUG_INFO = NO;
				MTL_FAST_MATH = YES;
				SDKROOT = iphoneos;
				SWIFT_COMPILATION_MODE = wholemodule;
				SWIFT_OPTIMIZATION_LEVEL = "-O";
				VALIDATE_PRODUCT = YES;
			};
			name = Release;
		};
		010975622836CB640080CBBB /* Debug */ = {
			isa = XCBuildConfiguration;
			buildSettings = {
				ASSETCATALOG_COMPILER_APPICON_NAME = AppIcon;
				ASSETCATALOG_COMPILER_GLOBAL_ACCENT_COLOR_NAME = AccentColor;
				CODE_SIGN_STYLE = Automatic;
				CURRENT_PROJECT_VERSION = 1;
				DEVELOPMENT_TEAM = "";
				GENERATE_INFOPLIST_FILE = YES;
				INFOPLIST_FILE = "Quick-Country-Info/Info.plist";
				INFOPLIST_KEY_UIApplicationSupportsIndirectInputEvents = YES;
				INFOPLIST_KEY_UILaunchStoryboardName = LaunchScreen;
				INFOPLIST_KEY_UISupportedInterfaceOrientations_iPad = "UIInterfaceOrientationPortrait UIInterfaceOrientationPortraitUpsideDown UIInterfaceOrientationLandscapeLeft UIInterfaceOrientationLandscapeRight";
				INFOPLIST_KEY_UISupportedInterfaceOrientations_iPhone = "UIInterfaceOrientationPortrait UIInterfaceOrientationLandscapeLeft UIInterfaceOrientationLandscapeRight";
				LD_RUNPATH_SEARCH_PATHS = (
					"$(inherited)",
					"@executable_path/Frameworks",
				);
				MARKETING_VERSION = 1.0;
				PRODUCT_BUNDLE_IDENTIFIER = "com.yilmaz.Quick-Country-Info";
				PRODUCT_NAME = "$(TARGET_NAME)";
				SWIFT_EMIT_LOC_STRINGS = YES;
				SWIFT_VERSION = 5.0;
				TARGETED_DEVICE_FAMILY = "1,2";
			};
			name = Debug;
		};
		010975632836CB640080CBBB /* Release */ = {
			isa = XCBuildConfiguration;
			buildSettings = {
				ASSETCATALOG_COMPILER_APPICON_NAME = AppIcon;
				ASSETCATALOG_COMPILER_GLOBAL_ACCENT_COLOR_NAME = AccentColor;
				CODE_SIGN_STYLE = Automatic;
				CURRENT_PROJECT_VERSION = 1;
				DEVELOPMENT_TEAM = "";
				GENERATE_INFOPLIST_FILE = YES;
				INFOPLIST_FILE = "Quick-Country-Info/Info.plist";
				INFOPLIST_KEY_UIApplicationSupportsIndirectInputEvents = YES;
				INFOPLIST_KEY_UILaunchStoryboardName = LaunchScreen;
				INFOPLIST_KEY_UISupportedInterfaceOrientations_iPad = "UIInterfaceOrientationPortrait UIInterfaceOrientationPortraitUpsideDown UIInterfaceOrientationLandscapeLeft UIInterfaceOrientationLandscapeRight";
				INFOPLIST_KEY_UISupportedInterfaceOrientations_iPhone = "UIInterfaceOrientationPortrait UIInterfaceOrientationLandscapeLeft UIInterfaceOrientationLandscapeRight";
				LD_RUNPATH_SEARCH_PATHS = (
					"$(inherited)",
					"@executable_path/Frameworks",
				);
				MARKETING_VERSION = 1.0;
				PRODUCT_BUNDLE_IDENTIFIER = "com.yilmaz.Quick-Country-Info";
				PRODUCT_NAME = "$(TARGET_NAME)";
				SWIFT_EMIT_LOC_STRINGS = YES;
				SWIFT_VERSION = 5.0;
				TARGETED_DEVICE_FAMILY = "1,2";
			};
			name = Release;
		};
/* End XCBuildConfiguration section */

/* Begin XCConfigurationList section */
		010975482836CB620080CBBB /* Build configuration list for PBXProject "Quick-Country-Info" */ = {
			isa = XCConfigurationList;
			buildConfigurations = (
				0109755F2836CB640080CBBB /* Debug */,
				010975602836CB640080CBBB /* Release */,
			);
			defaultConfigurationIsVisible = 0;
			defaultConfigurationName = Release;
		};
		010975612836CB640080CBBB /* Build configuration list for PBXNativeTarget "Quick-Country-Info" */ = {
			isa = XCConfigurationList;
			buildConfigurations = (
				010975622836CB640080CBBB /* Debug */,
				010975632836CB640080CBBB /* Release */,
			);
			defaultConfigurationIsVisible = 0;
			defaultConfigurationName = Release;
		};
/* End XCConfigurationList section */

/* Begin XCRemoteSwiftPackageReference section */
		011B1EF7283D04D1009F570F /* XCRemoteSwiftPackageReference "SwiftyJSON" */ = {
			isa = XCRemoteSwiftPackageReference;
			repositoryURL = "https://github.com/SwiftyJSON/SwiftyJSON.git";
			requirement = {
				branch = master;
				kind = branch;
			};
		};
		011B1EFA283D04E0009F570F /* XCRemoteSwiftPackageReference "Alamofire" */ = {
			isa = XCRemoteSwiftPackageReference;
			repositoryURL = "https://github.com/Alamofire/Alamofire.git";
			requirement = {
				branch = master;
				kind = branch;
			};
		};
		011B1EFD283D04F2009F570F /* XCRemoteSwiftPackageReference "SDWebImage" */ = {
			isa = XCRemoteSwiftPackageReference;
			repositoryURL = "https://github.com/SDWebImage/SDWebImage.git";
			requirement = {
				branch = master;
				kind = branch;
			};
		};
/* End XCRemoteSwiftPackageReference section */

/* Begin XCSwiftPackageProductDependency section */
		011B1EF8283D04D1009F570F /* SwiftyJSON */ = {
			isa = XCSwiftPackageProductDependency;
			package = 011B1EF7283D04D1009F570F /* XCRemoteSwiftPackageReference "SwiftyJSON" */;
			productName = SwiftyJSON;
		};
		011B1EFB283D04E0009F570F /* Alamofire */ = {
			isa = XCSwiftPackageProductDependency;
			package = 011B1EFA283D04E0009F570F /* XCRemoteSwiftPackageReference "Alamofire" */;
			productName = Alamofire;
		};
		011B1EFE283D04F2009F570F /* SDWebImage */ = {
			isa = XCSwiftPackageProductDependency;
			package = 011B1EFD283D04F2009F570F /* XCRemoteSwiftPackageReference "SDWebImage" */;
			productName = SDWebImage;
		};
		011B1F00283D04F2009F570F /* SDWebImageMapKit */ = {
			isa = XCSwiftPackageProductDependency;
			package = 011B1EFD283D04F2009F570F /* XCRemoteSwiftPackageReference "SDWebImage" */;
			productName = SDWebImageMapKit;
		};
/* End XCSwiftPackageProductDependency section */
	};
	rootObject = 010975452836CB620080CBBB /* Project object */;
}
